
Microsoft Visual Studio Solution File, Format Version 12.00
# Visual Studio Version 17
VisualStudioVersion = 17.5.002.0
MinimumVisualStudioVersion = 10.0.40219.1
Project("{9A19103F-16F7-4668-BE54-9A1E7A4F7556}") = "ProjetoNutriGenius", "ProjetoNutriGenius.csproj", "{D13CA9F2-6D4B-4C1D-ACE3-9F7892A4E952}"
EndProject
Global
	GlobalSection(SolutionConfigurationPlatforms) = preSolution
		Debug|Any CPU = Debug|Any CPU
		Release|Any CPU = Release|Any CPU
	EndGlobalSection
	GlobalSection(ProjectConfigurationPlatforms) = postSolution
		{D13CA9F2-6D4B-4C1D-ACE3-9F7892A4E952}.Debug|Any CPU.ActiveCfg = Debug|Any CPU
		{D13CA9F2-6D4B-4C1D-ACE3-9F7892A4E952}.Debug|Any CPU.Build.0 = Debug|Any CPU
		{D13CA9F2-6D4B-4C1D-ACE3-9F7892A4E952}.Release|Any CPU.ActiveCfg = Release|Any CPU
		{D13CA9F2-6D4B-4C1D-ACE3-9F7892A4E952}.Release|Any CPU.Build.0 = Release|Any CPU
	EndGlobalSection
	GlobalSection(SolutionProperties) = preSolution
		HideSolutionNode = FALSE
	EndGlobalSection
	GlobalSection(ExtensibilityGlobals) = postSolution
		SolutionGuid = {941A4478-B045-482D-BB8B-76AFED3A1AF2}
	EndGlobalSection
EndGlobal
